
Microsoft Visual Studio Solution File, Format Version 12.00
# Visual Studio 14
VisualStudioVersion = 14.0.25420.1
MinimumVisualStudioVersion = 10.0.40219.1
Project("{F184B08F-C81C-45F6-A57F-5ABD9991F28F}") = "SFDL.NET 3", "SFDL.NET 3\SFDL.NET 3.vbproj", "{BDE926A1-8C4F-489A-838F-9116B4CA8F29}"
EndProject
Project("{F184B08F-C81C-45F6-A57F-5ABD9991F28F}") = "SFDL.Container", "..\SFDL.Container\SFDL.Container\SFDL.Container.vbproj", "{D2FE83A4-C5BA-4E87-8435-C01362AE8467}"
EndProject
Project("{FAE04EC0-301F-11D3-BF4B-00C04F79EFBC}") = "SFDL.FTP", "..\SFDL.FTP\ArxOne.Ftp\SFDL.FTP.csproj", "{2FFE845D-2E4F-440E-8B9F-17AFCB9D166B}"
EndProject
Project("{F184B08F-C81C-45F6-A57F-5ABD9991F28F}") = "DownloadTest", "DownloadTest\DownloadTest.vbproj", "{BFEFC6FF-935B-4238-B7C8-D47375FE75A1}"
EndProject
Project("{FAE04EC0-301F-11D3-BF4B-00C04F79EFBC}") = "SFDL.CRC32", "..\SFDL.CRC32\src\crc32\SFDL.CRC32.csproj", "{2F44F389-B431-45BC-9434-DDDACD0EA34A}"
EndProject
Project("{2150E333-8FDC-42A3-9474-1A3956D46DE8}") = "Tests", "Tests", "{EF1AACCB-0EB8-480B-B45F-75E2019F4DB8}"
EndProject
Project("{F184B08F-C81C-45F6-A57F-5ABD9991F28F}") = "SFDL.Container.Legacy", "..\SFDL.Container.Legacy\SFDL.Container.Legacy.vbproj", "{2C1A9FC2-F317-469A-928C-B582A9686E1C}"
EndProject
Project("{FAE04EC0-301F-11D3-BF4B-00C04F79EFBC}") = "SFDL.DragnDrop", "..\SFDL.DragnDrop\SFDL.DragnDrop.csproj", "{22C703F7-4514-4B3E-8668-0AB0C3599392}"
EndProject
Global
	GlobalSection(SolutionConfigurationPlatforms) = preSolution
		Debug|Any CPU = Debug|Any CPU
		Debug|x86 = Debug|x86
		Release|Any CPU = Release|Any CPU
		Release|x86 = Release|x86
	EndGlobalSection
	GlobalSection(ProjectConfigurationPlatforms) = postSolution
		{BDE926A1-8C4F-489A-838F-9116B4CA8F29}.Debug|Any CPU.ActiveCfg = Debug|Any CPU
		{BDE926A1-8C4F-489A-838F-9116B4CA8F29}.Debug|Any CPU.Build.0 = Debug|Any CPU
		{BDE926A1-8C4F-489A-838F-9116B4CA8F29}.Debug|x86.ActiveCfg = Debug|Any CPU
		{BDE926A1-8C4F-489A-838F-9116B4CA8F29}.Debug|x86.Build.0 = Debug|Any CPU
		{BDE926A1-8C4F-489A-838F-9116B4CA8F29}.Release|Any CPU.ActiveCfg = Release|Any CPU
		{BDE926A1-8C4F-489A-838F-9116B4CA8F29}.Release|Any CPU.Build.0 = Release|Any CPU
		{BDE926A1-8C4F-489A-838F-9116B4CA8F29}.Release|x86.ActiveCfg = Release|Any CPU
		{BDE926A1-8C4F-489A-838F-9116B4CA8F29}.Release|x86.Build.0 = Release|Any CPU
		{D2FE83A4-C5BA-4E87-8435-C01362AE8467}.Debug|Any CPU.ActiveCfg = Debug|Any CPU
		{D2FE83A4-C5BA-4E87-8435-C01362AE8467}.Debug|Any CPU.Build.0 = Debug|Any CPU
		{D2FE83A4-C5BA-4E87-8435-C01362AE8467}.Debug|x86.ActiveCfg = Debug|Any CPU
		{D2FE83A4-C5BA-4E87-8435-C01362AE8467}.Debug|x86.Build.0 = Debug|Any CPU
		{D2FE83A4-C5BA-4E87-8435-C01362AE8467}.Release|Any CPU.ActiveCfg = Release|Any CPU
		{D2FE83A4-C5BA-4E87-8435-C01362AE8467}.Release|Any CPU.Build.0 = Release|Any CPU
		{D2FE83A4-C5BA-4E87-8435-C01362AE8467}.Release|x86.ActiveCfg = Release|Any CPU
		{D2FE83A4-C5BA-4E87-8435-C01362AE8467}.Release|x86.Build.0 = Release|Any CPU
		{2FFE845D-2E4F-440E-8B9F-17AFCB9D166B}.Debug|Any CPU.ActiveCfg = Debug|Any CPU
		{2FFE845D-2E4F-440E-8B9F-17AFCB9D166B}.Debug|Any CPU.Build.0 = Debug|Any CPU
		{2FFE845D-2E4F-440E-8B9F-17AFCB9D166B}.Debug|x86.ActiveCfg = Debug|Any CPU
		{2FFE845D-2E4F-440E-8B9F-17AFCB9D166B}.Debug|x86.Build.0 = Debug|Any CPU
		{2FFE845D-2E4F-440E-8B9F-17AFCB9D166B}.Release|Any CPU.ActiveCfg = Release|Any CPU
		{2FFE845D-2E4F-440E-8B9F-17AFCB9D166B}.Release|Any CPU.Build.0 = Release|Any CPU
		{2FFE845D-2E4F-440E-8B9F-17AFCB9D166B}.Release|x86.ActiveCfg = Release|Any CPU
		{2FFE845D-2E4F-440E-8B9F-17AFCB9D166B}.Release|x86.Build.0 = Release|Any CPU
		{BFEFC6FF-935B-4238-B7C8-D47375FE75A1}.Debug|Any CPU.ActiveCfg = Debug|Any CPU
		{BFEFC6FF-935B-4238-B7C8-D47375FE75A1}.Debug|Any CPU.Build.0 = Debug|Any CPU
		{BFEFC6FF-935B-4238-B7C8-D47375FE75A1}.Debug|x86.ActiveCfg = Debug|Any CPU
		{BFEFC6FF-935B-4238-B7C8-D47375FE75A1}.Debug|x86.Build.0 = Debug|Any CPU
		{BFEFC6FF-935B-4238-B7C8-D47375FE75A1}.Release|Any CPU.ActiveCfg = Release|Any CPU
		{BFEFC6FF-935B-4238-B7C8-D47375FE75A1}.Release|Any CPU.Build.0 = Release|Any CPU
		{BFEFC6FF-935B-4238-B7C8-D47375FE75A1}.Release|x86.ActiveCfg = Release|Any CPU
		{BFEFC6FF-935B-4238-B7C8-D47375FE75A1}.Release|x86.Build.0 = Release|Any CPU
		{2F44F389-B431-45BC-9434-DDDACD0EA34A}.Debug|Any CPU.ActiveCfg = Debug|Any CPU
		{2F44F389-B431-45BC-9434-DDDACD0EA34A}.Debug|Any CPU.Build.0 = Debug|Any CPU
		{2F44F389-B431-45BC-9434-DDDACD0EA34A}.Debug|x86.ActiveCfg = Debug|x86
		{2F44F389-B431-45BC-9434-DDDACD0EA34A}.Debug|x86.Build.0 = Debug|x86
		{2F44F389-B431-45BC-9434-DDDACD0EA34A}.Release|Any CPU.ActiveCfg = Release|x86
		{2F44F389-B431-45BC-9434-DDDACD0EA34A}.Release|x86.ActiveCfg = Release|x86
		{2F44F389-B431-45BC-9434-DDDACD0EA34A}.Release|x86.Build.0 = Release|x86
		{2C1A9FC2-F317-469A-928C-B582A9686E1C}.Debug|Any CPU.ActiveCfg = Debug|Any CPU
		{2C1A9FC2-F317-469A-928C-B582A9686E1C}.Debug|Any CPU.Build.0 = Debug|Any CPU
		{2C1A9FC2-F317-469A-928C-B582A9686E1C}.Debug|x86.ActiveCfg = Debug|Any CPU
		{2C1A9FC2-F317-469A-928C-B582A9686E1C}.Debug|x86.Build.0 = Debug|Any CPU
		{2C1A9FC2-F317-469A-928C-B582A9686E1C}.Release|Any CPU.ActiveCfg = Release|Any CPU
		{2C1A9FC2-F317-469A-928C-B582A9686E1C}.Release|Any CPU.Build.0 = Release|Any CPU
		{2C1A9FC2-F317-469A-928C-B582A9686E1C}.Release|x86.ActiveCfg = Release|Any CPU
		{2C1A9FC2-F317-469A-928C-B582A9686E1C}.Release|x86.Build.0 = Release|Any CPU
		{22C703F7-4514-4B3E-8668-0AB0C3599392}.Debug|Any CPU.ActiveCfg = Debug|Any CPU
		{22C703F7-4514-4B3E-8668-0AB0C3599392}.Debug|Any CPU.Build.0 = Debug|Any CPU
		{22C703F7-4514-4B3E-8668-0AB0C3599392}.Debug|x86.ActiveCfg = Debug|Any CPU
		{22C703F7-4514-4B3E-8668-0AB0C3599392}.Debug|x86.Build.0 = Debug|Any CPU
		{22C703F7-4514-4B3E-8668-0AB0C3599392}.Release|Any CPU.ActiveCfg = Release|Any CPU
		{22C703F7-4514-4B3E-8668-0AB0C3599392}.Release|Any CPU.Build.0 = Release|Any CPU
		{22C703F7-4514-4B3E-8668-0AB0C3599392}.Release|x86.ActiveCfg = Release|Any CPU
		{22C703F7-4514-4B3E-8668-0AB0C3599392}.Release|x86.Build.0 = Release|Any CPU
	EndGlobalSection
	GlobalSection(SolutionProperties) = preSolution
		HideSolutionNode = FALSE
	EndGlobalSection
	GlobalSection(NestedProjects) = preSolution
		{BFEFC6FF-935B-4238-B7C8-D47375FE75A1} = {EF1AACCB-0EB8-480B-B45F-75E2019F4DB8}
	EndGlobalSection
EndGlobal
